
Microsoft Visual Studio Solution File, Format Version 12.00
# Visual Studio Version 17
VisualStudioVersion = 17.8.34525.116
MinimumVisualStudioVersion = 10.0.40219.1
Project("{FAE04EC0-301F-11D3-BF4B-00C04F79EFBC}") = "RealDeal.match", "RealDeal.match.csproj", "{A8FB0260-793B-410C-871E-83CA1B3D640F}"
EndProject
Global
	GlobalSection(SolutionConfigurationPlatforms) = preSolution
		Debug|Any CPU = Debug|Any CPU
		Release|Any CPU = Release|Any CPU
	EndGlobalSection
	GlobalSection(ProjectConfigurationPlatforms) = postSolution
		{A8FB0260-793B-410C-871E-83CA1B3D640F}.Debug|Any CPU.ActiveCfg = Debug|Any CPU
		{A8FB0260-793B-410C-871E-83CA1B3D640F}.Debug|Any CPU.Build.0 = Debug|Any CPU
		{A8FB0260-793B-410C-871E-83CA1B3D640F}.Release|Any CPU.ActiveCfg = Release|Any CPU
		{A8FB0260-793B-410C-871E-83CA1B3D640F}.Release|Any CPU.Build.0 = Release|Any CPU
	EndGlobalSection
	GlobalSection(SolutionProperties) = preSolution
		HideSolutionNode = FALSE
	EndGlobalSection
	GlobalSection(ExtensibilityGlobals) = postSolution
		SolutionGuid = {89FE83D7-0568-42FF-A262-F5806F1F208D}
	EndGlobalSection
EndGlobal
